
Microsoft Visual Studio Solution File, Format Version 12.00
# Visual Studio Version 17
VisualStudioVersion = 17.9.34622.214
MinimumVisualStudioVersion = 10.0.40219.1
Project("{FAE04EC0-301F-11D3-BF4B-00C04F79EFBC}") = "ExamenSegundaParcial", "ExamenSegundaParcial\ExamenSegundaParcial\ExamenSegundaParcial.csproj", "{CE4F3788-0D98-4C0C-BB46-0426817437C1}"
EndProject
Project("{FAE04EC0-301F-11D3-BF4B-00C04F79EFBC}") = "ExamenSegundaParcial.Client", "ExamenSegundaParcial\ExamenSegundaParcial.Client\ExamenSegundaParcial.Client.csproj", "{E29649AB-4176-4363-BA1F-5AC214DA6B3B}"
EndProject
Global
	GlobalSection(SolutionConfigurationPlatforms) = preSolution
		Debug|Any CPU = Debug|Any CPU
		Release|Any CPU = Release|Any CPU
	EndGlobalSection
	GlobalSection(ProjectConfigurationPlatforms) = postSolution
		{CE4F3788-0D98-4C0C-BB46-0426817437C1}.Debug|Any CPU.ActiveCfg = Debug|Any CPU
		{CE4F3788-0D98-4C0C-BB46-0426817437C1}.Debug|Any CPU.Build.0 = Debug|Any CPU
		{CE4F3788-0D98-4C0C-BB46-0426817437C1}.Release|Any CPU.ActiveCfg = Release|Any CPU
		{CE4F3788-0D98-4C0C-BB46-0426817437C1}.Release|Any CPU.Build.0 = Release|Any CPU
		{E29649AB-4176-4363-BA1F-5AC214DA6B3B}.Debug|Any CPU.ActiveCfg = Debug|Any CPU
		{E29649AB-4176-4363-BA1F-5AC214DA6B3B}.Debug|Any CPU.Build.0 = Debug|Any CPU
		{E29649AB-4176-4363-BA1F-5AC214DA6B3B}.Release|Any CPU.ActiveCfg = Release|Any CPU
		{E29649AB-4176-4363-BA1F-5AC214DA6B3B}.Release|Any CPU.Build.0 = Release|Any CPU
	EndGlobalSection
	GlobalSection(SolutionProperties) = preSolution
		HideSolutionNode = FALSE
	EndGlobalSection
	GlobalSection(ExtensibilityGlobals) = postSolution
		SolutionGuid = {237DF474-BD55-4CF3-B31E-61DA13D091E3}
	EndGlobalSection
EndGlobal
